
Microsoft Visual Studio Solution File, Format Version 12.00
# Visual Studio 15
Project("{FAE04EC0-301F-11D3-BF4B-00C04F79EFBC}") = "Assembly-CSharp", "Assembly-CSharp.csproj", "{51F81DEC-C4C1-7063-679A-A342BF30012F}"
EndProject
Project("{FAE04EC0-301F-11D3-BF4B-00C04F79EFBC}") = "HDRPSamples", "HDRPSamples.csproj", "{883784BD-DAFC-B3D6-1A82-079CDE627C84}"
EndProject
Global
	GlobalSection(SolutionConfigurationPlatforms) = preSolution
		Debug|Any CPU = Debug|Any CPU
		Release|Any CPU = Release|Any CPU
	EndGlobalSection
	GlobalSection(ProjectConfigurationPlatforms) = postSolution
		{51F81DEC-C4C1-7063-679A-A342BF30012F}.Debug|Any CPU.ActiveCfg = Debug|Any CPU
		{51F81DEC-C4C1-7063-679A-A342BF30012F}.Debug|Any CPU.Build.0 = Debug|Any CPU
		{51F81DEC-C4C1-7063-679A-A342BF30012F}.Release|Any CPU.ActiveCfg = Release|Any CPU
		{51F81DEC-C4C1-7063-679A-A342BF30012F}.Release|Any CPU.Build.0 = Release|Any CPU
		{883784BD-DAFC-B3D6-1A82-079CDE627C84}.Debug|Any CPU.ActiveCfg = Debug|Any CPU
		{883784BD-DAFC-B3D6-1A82-079CDE627C84}.Debug|Any CPU.Build.0 = Debug|Any CPU
		{883784BD-DAFC-B3D6-1A82-079CDE627C84}.Release|Any CPU.ActiveCfg = Release|Any CPU
		{883784BD-DAFC-B3D6-1A82-079CDE627C84}.Release|Any CPU.Build.0 = Release|Any CPU
	EndGlobalSection
	GlobalSection(SolutionProperties) = preSolution
		HideSolutionNode = FALSE
	EndGlobalSection
EndGlobal
